
Microsoft Visual Studio Solution File, Format Version 12.00
# Visual Studio Version 17
VisualStudioVersion = 17.5.33627.172
MinimumVisualStudioVersion = 10.0.40219.1
Project("{FAE04EC0-301F-11D3-BF4B-00C04F79EFBC}") = "proy_TerParc", "proy_TerParc.csproj", "{67E86890-64DE-483E-8427-087AC62810FB}"
EndProject
Global
	GlobalSection(SolutionConfigurationPlatforms) = preSolution
		Debug|Any CPU = Debug|Any CPU
		Release|Any CPU = Release|Any CPU
	EndGlobalSection
	GlobalSection(ProjectConfigurationPlatforms) = postSolution
		{67E86890-64DE-483E-8427-087AC62810FB}.Debug|Any CPU.ActiveCfg = Debug|Any CPU
		{67E86890-64DE-483E-8427-087AC62810FB}.Debug|Any CPU.Build.0 = Debug|Any CPU
		{67E86890-64DE-483E-8427-087AC62810FB}.Release|Any CPU.ActiveCfg = Release|Any CPU
		{67E86890-64DE-483E-8427-087AC62810FB}.Release|Any CPU.Build.0 = Release|Any CPU
	EndGlobalSection
	GlobalSection(SolutionProperties) = preSolution
		HideSolutionNode = FALSE
	EndGlobalSection
	GlobalSection(ExtensibilityGlobals) = postSolution
		SolutionGuid = {39778362-956F-4054-BE1D-93228CDC4783}
	EndGlobalSection
EndGlobal
